
Microsoft Visual Studio Solution File, Format Version 12.00
# Visual Studio Version 17
VisualStudioVersion = 17.8.34330.188
MinimumVisualStudioVersion = 10.0.40219.1
Project("{FAE04EC0-301F-11D3-BF4B-00C04F79EFBC}") = "EmployeeCrudAjaxJquery", "EmployeeCrudAjaxJquery\EmployeeCrudAjaxJquery.csproj", "{A3A1C2C1-279C-4378-88DB-BB16292462DF}"
EndProject
Project("{FAE04EC0-301F-11D3-BF4B-00C04F79EFBC}") = "RepositoryLayer", "RepositoryLayer\RepositoryLayer.csproj", "{B289D997-C0ED-46BA-A51C-CAA4BEF8F426}"
EndProject
Project("{FAE04EC0-301F-11D3-BF4B-00C04F79EFBC}") = "BusinessLayer", "BusinessLayer\BusinessLayer.csproj", "{B167D5A7-0FD2-4FEE-AF78-01E5AE5B117B}"
EndProject
Project("{FAE04EC0-301F-11D3-BF4B-00C04F79EFBC}") = "CommonLayer", "ModelLayer\CommonLayer.csproj", "{F3578D24-E432-4DF2-99A5-E9A6DC6C32BE}"
EndProject
Global
	GlobalSection(SolutionConfigurationPlatforms) = preSolution
		Debug|Any CPU = Debug|Any CPU
		Release|Any CPU = Release|Any CPU
	EndGlobalSection
	GlobalSection(ProjectConfigurationPlatforms) = postSolution
		{A3A1C2C1-279C-4378-88DB-BB16292462DF}.Debug|Any CPU.ActiveCfg = Debug|Any CPU
		{A3A1C2C1-279C-4378-88DB-BB16292462DF}.Debug|Any CPU.Build.0 = Debug|Any CPU
		{A3A1C2C1-279C-4378-88DB-BB16292462DF}.Release|Any CPU.ActiveCfg = Release|Any CPU
		{A3A1C2C1-279C-4378-88DB-BB16292462DF}.Release|Any CPU.Build.0 = Release|Any CPU
		{B289D997-C0ED-46BA-A51C-CAA4BEF8F426}.Debug|Any CPU.ActiveCfg = Debug|Any CPU
		{B289D997-C0ED-46BA-A51C-CAA4BEF8F426}.Debug|Any CPU.Build.0 = Debug|Any CPU
		{B289D997-C0ED-46BA-A51C-CAA4BEF8F426}.Release|Any CPU.ActiveCfg = Release|Any CPU
		{B289D997-C0ED-46BA-A51C-CAA4BEF8F426}.Release|Any CPU.Build.0 = Release|Any CPU
		{B167D5A7-0FD2-4FEE-AF78-01E5AE5B117B}.Debug|Any CPU.ActiveCfg = Debug|Any CPU
		{B167D5A7-0FD2-4FEE-AF78-01E5AE5B117B}.Debug|Any CPU.Build.0 = Debug|Any CPU
		{B167D5A7-0FD2-4FEE-AF78-01E5AE5B117B}.Release|Any CPU.ActiveCfg = Release|Any CPU
		{B167D5A7-0FD2-4FEE-AF78-01E5AE5B117B}.Release|Any CPU.Build.0 = Release|Any CPU
		{F3578D24-E432-4DF2-99A5-E9A6DC6C32BE}.Debug|Any CPU.ActiveCfg = Debug|Any CPU
		{F3578D24-E432-4DF2-99A5-E9A6DC6C32BE}.Debug|Any CPU.Build.0 = Debug|Any CPU
		{F3578D24-E432-4DF2-99A5-E9A6DC6C32BE}.Release|Any CPU.ActiveCfg = Release|Any CPU
		{F3578D24-E432-4DF2-99A5-E9A6DC6C32BE}.Release|Any CPU.Build.0 = Release|Any CPU
	EndGlobalSection
	GlobalSection(SolutionProperties) = preSolution
		HideSolutionNode = FALSE
	EndGlobalSection
	GlobalSection(ExtensibilityGlobals) = postSolution
		SolutionGuid = {EE2EAFE4-6AEE-4A8E-BF99-2D078225DD00}
	EndGlobalSection
EndGlobal
